{
    "version": 3,
    "terraform_version": "0.11.2",
    "serial": 3,
    "lineage": "56c7d5a3-06f8-411e-8e55-07832d7c6722",
    "modules": [
        {
            "path": [
                "root"
            ],
            "outputs": {},
            "resources": {
                "azurerm_resource_group.SGS-PoC": {
                    "type": "azurerm_resource_group",
                    "depends_on": [],
                    "primary": {
                        "id": "/subscriptions/a5690b16-a007-4e60-8a4d-2d67c6ed45da/resourceGroups/SGS-PoC",
                        "attributes": {
                            "id": "/subscriptions/a5690b16-a007-4e60-8a4d-2d67c6ed45da/resourceGroups/SGS-PoC",
                            "location": "westeurope",
                            "name": "SGS-PoC",
                            "tags.%": "1",
                            "tags.environment": "DEV"
                        },
                        "meta": {},
                        "tainted": false
                    },
                    "deposed": [],
                    "provider": "provider.azurerm"
                }
            },
            "depends_on": []
        }
    ]
}
