{
    "version": 3,
    "terraform_version": "0.11.2",
    "serial": 3,
    "lineage": "56c7d5a3-06f8-411e-8e55-07832d7c6722",
    "modules": [
        {
            "path": [
                "root"
            ],
            "outputs": {},
            "resources": {
                "azurerm_public_ip.devpubips": {
                    "type": "azurerm_public_ip",
                    "depends_on": [
                        "azurerm_resource_group.SGS-PoC"
                    ],
                    "primary": {
                        "id": "/subscriptions/a5690b16-a007-4e60-8a4d-2d67c6ed45da/resourceGroups/SGS-PoC/providers/Microsoft.Network/publicIPAddresses/devpubip",
                        "attributes": {
                            "id": "/subscriptions/a5690b16-a007-4e60-8a4d-2d67c6ed45da/resourceGroups/SGS-PoC/providers/Microsoft.Network/publicIPAddresses/devpubip",
                            "location": "westeurope",
                            "name": "devpubip",
                            "public_ip_address_allocation": "dynamic",
                            "resource_group_name": "SGS-PoC",
                            "tags.%": "1",
                            "tags.environment": "DEV"
                        },
                        "meta": {},
                        "tainted": false
                    },
                    "deposed": [],
                    "provider": "provider.azurerm"
                },
                "azurerm_resource_group.SGS-PoC": {
                    "type": "azurerm_resource_group",
                    "depends_on": [],
                    "primary": {
                        "id": "/subscriptions/a5690b16-a007-4e60-8a4d-2d67c6ed45da/resourceGroups/SGS-PoC",
                        "attributes": {
                            "id": "/subscriptions/a5690b16-a007-4e60-8a4d-2d67c6ed45da/resourceGroups/SGS-PoC",
                            "location": "westeurope",
                            "name": "SGS-PoC",
                            "tags.%": "1",
                            "tags.environment": "DEV"
                        },
                        "meta": {},
                        "tainted": false
                    },
                    "deposed": [],
                    "provider": "provider.azurerm"
                },
                "azurerm_virtual_network.vnet01": {
                    "type": "azurerm_virtual_network",
                    "depends_on": [
                        "azurerm_resource_group.SGS-PoC"
                    ],
                    "primary": {
                        "id": "/subscriptions/a5690b16-a007-4e60-8a4d-2d67c6ed45da/resourceGroups/SGS-PoC/providers/Microsoft.Network/virtualNetworks/sgsvnet01",
                        "attributes": {
                            "address_space.#": "1",
                            "address_space.0": "10.0.0.0/16",
                            "dns_servers.#": "2",
                            "dns_servers.0": "10.0.0.254",
                            "dns_servers.1": "10.0.0.253",
                            "id": "/subscriptions/a5690b16-a007-4e60-8a4d-2d67c6ed45da/resourceGroups/SGS-PoC/providers/Microsoft.Network/virtualNetworks/sgsvnet01",
                            "location": "westeurope",
                            "name": "sgsvnet01",
                            "resource_group_name": "SGS-PoC",
                            "subnet.#": "0",
                            "tags.%": "1",
                            "tags.environment": "DEV"
                        },
                        "meta": {},
                        "tainted": false
                    },
                    "deposed": [],
                    "provider": "provider.azurerm"
                }
            },
            "depends_on": []
        }
    ]
}
